
Microsoft Visual Studio Solution File, Format Version 12.00
# Visual Studio Version 17
VisualStudioVersion = 17.11.35303.130
MinimumVisualStudioVersion = 10.0.40219.1
Project("{9A19103F-16F7-4668-BE54-9A1E7A4F7556}") = "MeuRh360", "MeuRh360\MeuRh360.csproj", "{1323B46D-08D6-456A-8894-EAD0B3128391}"
EndProject
Project("{9A19103F-16F7-4668-BE54-9A1E7A4F7556}") = "Domain", "Domain\Domain.csproj", "{77C4DBC5-12A2-4CD0-9928-4EBE582B8F6E}"
EndProject
Project("{9A19103F-16F7-4668-BE54-9A1E7A4F7556}") = "Repository", "Repository\Repository.csproj", "{CF864B11-6BE4-4D15-9701-3E6F47184460}"
EndProject
Project("{9A19103F-16F7-4668-BE54-9A1E7A4F7556}") = "Business", "Business\Business.csproj", "{81865044-7121-43B3-A319-EE1E43B1A6A5}"
EndProject
Project("{FAE04EC0-301F-11D3-BF4B-00C04F79EFBC}") = "TestBusiness", "TestBusiness\TestBusiness.csproj", "{08389999-D8A0-4014-8F41-D62569CBF7C8}"
EndProject
Global
	GlobalSection(SolutionConfigurationPlatforms) = preSolution
		Debug|Any CPU = Debug|Any CPU
		Release|Any CPU = Release|Any CPU
	EndGlobalSection
	GlobalSection(ProjectConfigurationPlatforms) = postSolution
		{1323B46D-08D6-456A-8894-EAD0B3128391}.Debug|Any CPU.ActiveCfg = Debug|Any CPU
		{1323B46D-08D6-456A-8894-EAD0B3128391}.Debug|Any CPU.Build.0 = Debug|Any CPU
		{1323B46D-08D6-456A-8894-EAD0B3128391}.Release|Any CPU.ActiveCfg = Release|Any CPU
		{1323B46D-08D6-456A-8894-EAD0B3128391}.Release|Any CPU.Build.0 = Release|Any CPU
		{77C4DBC5-12A2-4CD0-9928-4EBE582B8F6E}.Debug|Any CPU.ActiveCfg = Debug|Any CPU
		{77C4DBC5-12A2-4CD0-9928-4EBE582B8F6E}.Debug|Any CPU.Build.0 = Debug|Any CPU
		{77C4DBC5-12A2-4CD0-9928-4EBE582B8F6E}.Release|Any CPU.ActiveCfg = Release|Any CPU
		{77C4DBC5-12A2-4CD0-9928-4EBE582B8F6E}.Release|Any CPU.Build.0 = Release|Any CPU
		{CF864B11-6BE4-4D15-9701-3E6F47184460}.Debug|Any CPU.ActiveCfg = Debug|Any CPU
		{CF864B11-6BE4-4D15-9701-3E6F47184460}.Debug|Any CPU.Build.0 = Debug|Any CPU
		{CF864B11-6BE4-4D15-9701-3E6F47184460}.Release|Any CPU.ActiveCfg = Release|Any CPU
		{CF864B11-6BE4-4D15-9701-3E6F47184460}.Release|Any CPU.Build.0 = Release|Any CPU
		{81865044-7121-43B3-A319-EE1E43B1A6A5}.Debug|Any CPU.ActiveCfg = Debug|Any CPU
		{81865044-7121-43B3-A319-EE1E43B1A6A5}.Debug|Any CPU.Build.0 = Debug|Any CPU
		{81865044-7121-43B3-A319-EE1E43B1A6A5}.Release|Any CPU.ActiveCfg = Release|Any CPU
		{81865044-7121-43B3-A319-EE1E43B1A6A5}.Release|Any CPU.Build.0 = Release|Any CPU
		{08389999-D8A0-4014-8F41-D62569CBF7C8}.Debug|Any CPU.ActiveCfg = Debug|Any CPU
		{08389999-D8A0-4014-8F41-D62569CBF7C8}.Debug|Any CPU.Build.0 = Debug|Any CPU
		{08389999-D8A0-4014-8F41-D62569CBF7C8}.Release|Any CPU.ActiveCfg = Release|Any CPU
		{08389999-D8A0-4014-8F41-D62569CBF7C8}.Release|Any CPU.Build.0 = Release|Any CPU
	EndGlobalSection
	GlobalSection(SolutionProperties) = preSolution
		HideSolutionNode = FALSE
	EndGlobalSection
	GlobalSection(ExtensibilityGlobals) = postSolution
		SolutionGuid = {0B0D1508-E5CE-4779-B782-50A73F97FA18}
	EndGlobalSection
EndGlobal
